// !$*UTF8*$!
{
	archiveVersion = 1;
	classes = {
	};
	objectVersion = 46;
	objects = {

/* Begin PBXBuildFile section */
		D60286E31744A05500707F95 /* LittleLink Helper.app in CopyFiles */ = {isa = PBXBuildFile; fileRef = D60286DF1744A02D00707F95 /* LittleLink Helper.app */; };
		D60F8D981752CDF500B30021 /* su.pr.png in Resources */ = {isa = PBXBuildFile; fileRef = D60F8D971752CDF500B30021 /* su.pr.png */; };
		D64D89E51736FB63007FD6D4 /* forbidden.png in Resources */ = {isa = PBXBuildFile; fileRef = D64D89E31736FB63007FD6D4 /* forbidden.png */; };
		D64D89E61736FB63007FD6D4 /* forbidden@2X.png in Resources */ = {isa = PBXBuildFile; fileRef = D64D89E41736FB63007FD6D4 /* forbidden@2X.png */; };
		D64D89E91736FBF2007FD6D4 /* about.png in Resources */ = {isa = PBXBuildFile; fileRef = D64D89E71736FBF2007FD6D4 /* about.png */; };
		D64D89EA1736FBF2007FD6D4 /* about@2x.png in Resources */ = {isa = PBXBuildFile; fileRef = D64D89E81736FBF2007FD6D4 /* about@2x.png */; };
		D64D89F41736FCC9007FD6D4 /* PreferencesWindowController.m in Sources */ = {isa = PBXBuildFile; fileRef = D64D89F21736FCC8007FD6D4 /* PreferencesWindowController.m */; };
		D64D89F51736FCC9007FD6D4 /* PreferencesWindowController.xib in Resources */ = {isa = PBXBuildFile; fileRef = D64D89F31736FCC8007FD6D4 /* PreferencesWindowController.xib */; };
		D64D8A4417372FC5007FD6D4 /* NSArrayControllerExtended.m in Sources */ = {isa = PBXBuildFile; fileRef = D64D8A4317372FC4007FD6D4 /* NSArrayControllerExtended.m */; };
		D6B897DA1731FF1400F24F52 /* Cocoa.framework in Frameworks */ = {isa = PBXBuildFile; fileRef = D6B897D91731FF1400F24F52 /* Cocoa.framework */; };
		D6B897E41731FF1400F24F52 /* InfoPlist.strings in Resources */ = {isa = PBXBuildFile; fileRef = D6B897E21731FF1400F24F52 /* InfoPlist.strings */; };
		D6B897E61731FF1400F24F52 /* main.m in Sources */ = {isa = PBXBuildFile; fileRef = D6B897E51731FF1400F24F52 /* main.m */; };
		D6B897EA1731FF1400F24F52 /* Credits.rtf in Resources */ = {isa = PBXBuildFile; fileRef = D6B897E81731FF1400F24F52 /* Credits.rtf */; };
		D6B897ED1731FF1400F24F52 /* AppDelegate.m in Sources */ = {isa = PBXBuildFile; fileRef = D6B897EC1731FF1400F24F52 /* AppDelegate.m */; };
		D6B897F01731FF1500F24F52 /* MainMenu.xib in Resources */ = {isa = PBXBuildFile; fileRef = D6B897EE1731FF1500F24F52 /* MainMenu.xib */; };
		D6B897F81731FF1500F24F52 /* SenTestingKit.framework in Frameworks */ = {isa = PBXBuildFile; fileRef = D6B897F71731FF1500F24F52 /* SenTestingKit.framework */; };
		D6B897F91731FF1500F24F52 /* Cocoa.framework in Frameworks */ = {isa = PBXBuildFile; fileRef = D6B897D91731FF1400F24F52 /* Cocoa.framework */; };
		D6B898011731FF1500F24F52 /* InfoPlist.strings in Resources */ = {isa = PBXBuildFile; fileRef = D6B897FF1731FF1500F24F52 /* InfoPlist.strings */; };
		D6B898041731FF1500F24F52 /* SmallinkTests.m in Sources */ = {isa = PBXBuildFile; fileRef = D6B898031731FF1500F24F52 /* SmallinkTests.m */; };
		D6B8989E1733115B00F24F52 /* goo.gl.png in Resources */ = {isa = PBXBuildFile; fileRef = D6B8989C1733115B00F24F52 /* goo.gl.png */; };
		D6B8989F1733115B00F24F52 /* goo.gl@2x.png in Resources */ = {isa = PBXBuildFile; fileRef = D6B8989D1733115B00F24F52 /* goo.gl@2x.png */; };
		D6B898A41733136C00F24F52 /* 228.png in Resources */ = {isa = PBXBuildFile; fileRef = D6B898A21733136C00F24F52 /* 228.png */; };
		D6BF19B61733159E005B3583 /* 228@2x.png in Resources */ = {isa = PBXBuildFile; fileRef = D6BF19B51733159E005B3583 /* 228@2x.png */; };
		D6BF19BB17331924005B3583 /* ur.cx.png in Resources */ = {isa = PBXBuildFile; fileRef = D6BF19B917331924005B3583 /* ur.cx.png */; };
		D6BF19BC17331924005B3583 /* ur.cx@2x.png in Resources */ = {isa = PBXBuildFile; fileRef = D6BF19BA17331924005B3583 /* ur.cx@2x.png */; };
		D6BF19BF17331AB3005B3583 /* is.gd.png in Resources */ = {isa = PBXBuildFile; fileRef = D6BF19BD17331AB3005B3583 /* is.gd.png */; };
		D6BF19C017331AB3005B3583 /* is.gd@2x.png in Resources */ = {isa = PBXBuildFile; fileRef = D6BF19BE17331AB3005B3583 /* is.gd@2x.png */; };
		D6BF19C317331C9A005B3583 /* to.ly.png in Resources */ = {isa = PBXBuildFile; fileRef = D6BF19C117331C9A005B3583 /* to.ly.png */; };
		D6BF19C417331C9A005B3583 /* to.ly@2x.png in Resources */ = {isa = PBXBuildFile; fileRef = D6BF19C217331C9A005B3583 /* to.ly@2x.png */; };
		D6BF19CD173322B8005B3583 /* 229.png in Resources */ = {isa = PBXBuildFile; fileRef = D6BF19CB173322B8005B3583 /* 229.png */; };
		D6BF19CE173322B8005B3583 /* 229@2x.png in Resources */ = {isa = PBXBuildFile; fileRef = D6BF19CC173322B8005B3583 /* 229@2x.png */; };
		D6BF19D117332EF6005B3583 /* 230.png in Resources */ = {isa = PBXBuildFile; fileRef = D6BF19CF17332EF6005B3583 /* 230.png */; };
		D6BF19D217332EF6005B3583 /* 230@2x.png in Resources */ = {isa = PBXBuildFile; fileRef = D6BF19D017332EF6005B3583 /* 230@2x.png */; };
		D6BF19D517336BD2005B3583 /* tinyurl.com.png in Resources */ = {isa = PBXBuildFile; fileRef = D6BF19D317336BD2005B3583 /* tinyurl.com.png */; };
		D6BF19D617336BD2005B3583 /* tinyurl.com@2x.png in Resources */ = {isa = PBXBuildFile; fileRef = D6BF19D417336BD2005B3583 /* tinyurl.com@2x.png */; };
		D6BF19F6173379E5005B3583 /* icon.iconset in Resources */ = {isa = PBXBuildFile; fileRef = D6BF19F5173379E5005B3583 /* icon.iconset */; };
		D6E37BEB1744957D00F858D4 /* ServiceManagement.framework in Frameworks */ = {isa = PBXBuildFile; fileRef = D6E37BEA1744957D00F858D4 /* ServiceManagement.framework */; };
/* End PBXBuildFile section */

/* Begin PBXContainerItemProxy section */
		D60286DE1744A02D00707F95 /* PBXContainerItemProxy */ = {
			isa = PBXContainerItemProxy;
			containerPortal = D60286D91744A02D00707F95 /* LittleLink Helper.xcodeproj */;
			proxyType = 2;
			remoteGlobalIDString = D6E37BF617449FB100F858D4;
			remoteInfo = "LittleLink Helper";
		};
		D60286E01744A02D00707F95 /* PBXContainerItemProxy */ = {
			isa = PBXContainerItemProxy;
			containerPortal = D60286D91744A02D00707F95 /* LittleLink Helper.xcodeproj */;
			proxyType = 2;
			remoteGlobalIDString = D6E37C1617449FB200F858D4;
			remoteInfo = "LittleLink HelperTests";
		};
		D6B897FA1731FF1500F24F52 /* PBXContainerItemProxy */ = {
			isa = PBXContainerItemProxy;
			containerPortal = D6B897CE1731FF1400F24F52 /* Project object */;
			proxyType = 1;
			remoteGlobalIDString = D6B897D51731FF1400F24F52;
			remoteInfo = Smallink;
		};
/* End PBXContainerItemProxy section */

/* Begin PBXCopyFilesBuildPhase section */
		D6E37BE81744953600F858D4 /* CopyFiles */ = {
			isa = PBXCopyFilesBuildPhase;
			buildActionMask = 2147483647;
			dstPath = Contents/Library/LoginItems;
			dstSubfolderSpec = 1;
			files = (
				D60286E31744A05500707F95 /* LittleLink Helper.app in CopyFiles */,
			);
			runOnlyForDeploymentPostprocessing = 0;
		};
/* End PBXCopyFilesBuildPhase section */

/* Begin PBXFileReference section */
		D60286D91744A02D00707F95 /* LittleLink Helper.xcodeproj */ = {isa = PBXFileReference; lastKnownFileType = "wrapper.pb-project"; name = "LittleLink Helper.xcodeproj"; path = "../LittleLink Helper/LittleLink Helper.xcodeproj"; sourceTree = "<group>"; };
		D60F8D971752CDF500B30021 /* su.pr.png */ = {isa = PBXFileReference; lastKnownFileType = image.png; path = su.pr.png; sourceTree = "<group>"; };
		D64274721743F90400ADD6F2 /* LittleLink.entitlements */ = {isa = PBXFileReference; lastKnownFileType = text.xml; path = LittleLink.entitlements; sourceTree = "<group>"; };
		D64D89E31736FB63007FD6D4 /* forbidden.png */ = {isa = PBXFileReference; lastKnownFileType = image.png; path = forbidden.png; sourceTree = "<group>"; };
		D64D89E41736FB63007FD6D4 /* forbidden@2X.png */ = {isa = PBXFileReference; lastKnownFileType = image.png; path = "forbidden@2X.png"; sourceTree = "<group>"; };
		D64D89E71736FBF2007FD6D4 /* about.png */ = {isa = PBXFileReference; lastKnownFileType = image.png; path = about.png; sourceTree = "<group>"; };
		D64D89E81736FBF2007FD6D4 /* about@2x.png */ = {isa = PBXFileReference; lastKnownFileType = image.png; path = "about@2x.png"; sourceTree = "<group>"; };
		D64D89F11736FCC8007FD6D4 /* PreferencesWindowController.h */ = {isa = PBXFileReference; fileEncoding = 4; lastKnownFileType = sourcecode.c.h; path = PreferencesWindowController.h; sourceTree = "<group>"; };
		D64D89F21736FCC8007FD6D4 /* PreferencesWindowController.m */ = {isa = PBXFileReference; fileEncoding = 4; lastKnownFileType = sourcecode.c.objc; path = PreferencesWindowController.m; sourceTree = "<group>"; };
		D64D89F31736FCC8007FD6D4 /* PreferencesWindowController.xib */ = {isa = PBXFileReference; fileEncoding = 4; lastKnownFileType = file.xib; path = PreferencesWindowController.xib; sourceTree = "<group>"; };
		D64D8A4217372FC4007FD6D4 /* NSArrayControllerExtended.h */ = {isa = PBXFileReference; fileEncoding = 4; lastKnownFileType = sourcecode.c.h; path = NSArrayControllerExtended.h; sourceTree = "<group>"; };
		D64D8A4317372FC4007FD6D4 /* NSArrayControllerExtended.m */ = {isa = PBXFileReference; fileEncoding = 4; lastKnownFileType = sourcecode.c.objc; path = NSArrayControllerExtended.m; sourceTree = "<group>"; };
		D6B897D61731FF1400F24F52 /* LittleLink.app */ = {isa = PBXFileReference; explicitFileType = wrapper.application; includeInIndex = 0; path = LittleLink.app; sourceTree = BUILT_PRODUCTS_DIR; };
		D6B897D91731FF1400F24F52 /* Cocoa.framework */ = {isa = PBXFileReference; lastKnownFileType = wrapper.framework; name = Cocoa.framework; path = System/Library/Frameworks/Cocoa.framework; sourceTree = SDKROOT; };
		D6B897DC1731FF1400F24F52 /* AppKit.framework */ = {isa = PBXFileReference; lastKnownFileType = wrapper.framework; name = AppKit.framework; path = System/Library/Frameworks/AppKit.framework; sourceTree = SDKROOT; };
		D6B897DD1731FF1400F24F52 /* CoreData.framework */ = {isa = PBXFileReference; lastKnownFileType = wrapper.framework; name = CoreData.framework; path = System/Library/Frameworks/CoreData.framework; sourceTree = SDKROOT; };
		D6B897DE1731FF1400F24F52 /* Foundation.framework */ = {isa = PBXFileReference; lastKnownFileType = wrapper.framework; name = Foundation.framework; path = System/Library/Frameworks/Foundation.framework; sourceTree = SDKROOT; };
		D6B897E11731FF1400F24F52 /* LittleLink-Info.plist */ = {isa = PBXFileReference; lastKnownFileType = text.plist.xml; path = "LittleLink-Info.plist"; sourceTree = "<group>"; };
		D6B897E31731FF1400F24F52 /* en */ = {isa = PBXFileReference; lastKnownFileType = text.plist.strings; name = en; path = en.lproj/InfoPlist.strings; sourceTree = "<group>"; };
		D6B897E51731FF1400F24F52 /* main.m */ = {isa = PBXFileReference; lastKnownFileType = sourcecode.c.objc; path = main.m; sourceTree = "<group>"; };
		D6B897E71731FF1400F24F52 /* LittleLink-Prefix.pch */ = {isa = PBXFileReference; lastKnownFileType = sourcecode.c.h; path = "LittleLink-Prefix.pch"; sourceTree = "<group>"; };
		D6B897E91731FF1400F24F52 /* en */ = {isa = PBXFileReference; lastKnownFileType = text.rtf; name = en; path = en.lproj/Credits.rtf; sourceTree = "<group>"; };
		D6B897EB1731FF1400F24F52 /* AppDelegate.h */ = {isa = PBXFileReference; lastKnownFileType = sourcecode.c.h; path = AppDelegate.h; sourceTree = "<group>"; };
		D6B897EC1731FF1400F24F52 /* AppDelegate.m */ = {isa = PBXFileReference; lastKnownFileType = sourcecode.c.objc; path = AppDelegate.m; sourceTree = "<group>"; };
		D6B897EF1731FF1500F24F52 /* en */ = {isa = PBXFileReference; lastKnownFileType = file.xib; name = en; path = en.lproj/MainMenu.xib; sourceTree = "<group>"; };
		D6B897F61731FF1500F24F52 /* LittleLinkTests.octest */ = {isa = PBXFileReference; explicitFileType = wrapper.cfbundle; includeInIndex = 0; path = LittleLinkTests.octest; sourceTree = BUILT_PRODUCTS_DIR; };
		D6B897F71731FF1500F24F52 /* SenTestingKit.framework */ = {isa = PBXFileReference; lastKnownFileType = wrapper.framework; name = SenTestingKit.framework; path = Library/Frameworks/SenTestingKit.framework; sourceTree = DEVELOPER_DIR; };
		D6B897FE1731FF1500F24F52 /* LittleLinkTests-Info.plist */ = {isa = PBXFileReference; lastKnownFileType = text.plist.xml; path = "LittleLinkTests-Info.plist"; sourceTree = "<group>"; };
		D6B898001731FF1500F24F52 /* en */ = {isa = PBXFileReference; lastKnownFileType = text.plist.strings; name = en; path = en.lproj/InfoPlist.strings; sourceTree = "<group>"; };
		D6B898021731FF1500F24F52 /* SmallinkTests.h */ = {isa = PBXFileReference; lastKnownFileType = sourcecode.c.h; path = SmallinkTests.h; sourceTree = "<group>"; };
		D6B898031731FF1500F24F52 /* SmallinkTests.m */ = {isa = PBXFileReference; lastKnownFileType = sourcecode.c.objc; path = SmallinkTests.m; sourceTree = "<group>"; };
		D6B8989C1733115B00F24F52 /* goo.gl.png */ = {isa = PBXFileReference; lastKnownFileType = image.png; path = goo.gl.png; sourceTree = "<group>"; };
		D6B8989D1733115B00F24F52 /* goo.gl@2x.png */ = {isa = PBXFileReference; lastKnownFileType = image.png; path = "goo.gl@2x.png"; sourceTree = "<group>"; };
		D6B898A21733136C00F24F52 /* 228.png */ = {isa = PBXFileReference; lastKnownFileType = image.png; path = 228.png; sourceTree = "<group>"; };
		D6BF19B51733159E005B3583 /* 228@2x.png */ = {isa = PBXFileReference; lastKnownFileType = image.png; path = "228@2x.png"; sourceTree = "<group>"; };
		D6BF19B917331924005B3583 /* ur.cx.png */ = {isa = PBXFileReference; lastKnownFileType = image.png; path = ur.cx.png; sourceTree = "<group>"; };
		D6BF19BA17331924005B3583 /* ur.cx@2x.png */ = {isa = PBXFileReference; lastKnownFileType = image.png; path = "ur.cx@2x.png"; sourceTree = "<group>"; };
		D6BF19BD17331AB3005B3583 /* is.gd.png */ = {isa = PBXFileReference; lastKnownFileType = image.png; path = is.gd.png; sourceTree = "<group>"; };
		D6BF19BE17331AB3005B3583 /* is.gd@2x.png */ = {isa = PBXFileReference; lastKnownFileType = image.png; path = "is.gd@2x.png"; sourceTree = "<group>"; };
		D6BF19C117331C9A005B3583 /* to.ly.png */ = {isa = PBXFileReference; lastKnownFileType = image.png; path = to.ly.png; sourceTree = "<group>"; };
		D6BF19C217331C9A005B3583 /* to.ly@2x.png */ = {isa = PBXFileReference; lastKnownFileType = image.png; path = "to.ly@2x.png"; sourceTree = "<group>"; };
		D6BF19CB173322B8005B3583 /* 229.png */ = {isa = PBXFileReference; lastKnownFileType = image.png; path = 229.png; sourceTree = "<group>"; };
		D6BF19CC173322B8005B3583 /* 229@2x.png */ = {isa = PBXFileReference; lastKnownFileType = image.png; path = "229@2x.png"; sourceTree = "<group>"; };
		D6BF19CF17332EF6005B3583 /* 230.png */ = {isa = PBXFileReference; lastKnownFileType = image.png; path = 230.png; sourceTree = "<group>"; };
		D6BF19D017332EF6005B3583 /* 230@2x.png */ = {isa = PBXFileReference; lastKnownFileType = image.png; path = "230@2x.png"; sourceTree = "<group>"; };
		D6BF19D317336BD2005B3583 /* tinyurl.com.png */ = {isa = PBXFileReference; lastKnownFileType = image.png; path = tinyurl.com.png; sourceTree = "<group>"; };
		D6BF19D417336BD2005B3583 /* tinyurl.com@2x.png */ = {isa = PBXFileReference; lastKnownFileType = image.png; path = "tinyurl.com@2x.png"; sourceTree = "<group>"; };
		D6BF19F5173379E5005B3583 /* icon.iconset */ = {isa = PBXFileReference; lastKnownFileType = folder.iconset; name = icon.iconset; path = ../icon.iconset; sourceTree = "<group>"; };
		D6E37BEA1744957D00F858D4 /* ServiceManagement.framework */ = {isa = PBXFileReference; lastKnownFileType = wrapper.framework; name = ServiceManagement.framework; path = System/Library/Frameworks/ServiceManagement.framework; sourceTree = SDKROOT; };
/* End PBXFileReference section */

/* Begin PBXFrameworksBuildPhase section */
		D6B897D31731FF1400F24F52 /* Frameworks */ = {
			isa = PBXFrameworksBuildPhase;
			buildActionMask = 2147483647;
			files = (
				D6E37BEB1744957D00F858D4 /* ServiceManagement.framework in Frameworks */,
				D6B897DA1731FF1400F24F52 /* Cocoa.framework in Frameworks */,
			);
			runOnlyForDeploymentPostprocessing = 0;
		};
		D6B897F21731FF1500F24F52 /* Frameworks */ = {
			isa = PBXFrameworksBuildPhase;
			buildActionMask = 2147483647;
			files = (
				D6B897F81731FF1500F24F52 /* SenTestingKit.framework in Frameworks */,
				D6B897F91731FF1500F24F52 /* Cocoa.framework in Frameworks */,
			);
			runOnlyForDeploymentPostprocessing = 0;
		};
/* End PBXFrameworksBuildPhase section */

/* Begin PBXGroup section */
		D60286DA1744A02D00707F95 /* Products */ = {
			isa = PBXGroup;
			children = (
				D60286DF1744A02D00707F95 /* LittleLink Helper.app */,
				D60286E11744A02D00707F95 /* LittleLink HelperTests.octest */,
			);
			name = Products;
			sourceTree = "<group>";
		};
		D6B897CD1731FF1400F24F52 = {
			isa = PBXGroup;
			children = (
				D60286D91744A02D00707F95 /* LittleLink Helper.xcodeproj */,
				D64274721743F90400ADD6F2 /* LittleLink.entitlements */,
				D6B897DF1731FF1400F24F52 /* LIttleLink */,
				D6B897FC1731FF1500F24F52 /* SmallinkTests */,
				D6B897D81731FF1400F24F52 /* Frameworks */,
				D6B897D71731FF1400F24F52 /* Products */,
			);
			sourceTree = "<group>";
		};
		D6B897D71731FF1400F24F52 /* Products */ = {
			isa = PBXGroup;
			children = (
				D6B897D61731FF1400F24F52 /* LittleLink.app */,
				D6B897F61731FF1500F24F52 /* LittleLinkTests.octest */,
			);
			name = Products;
			sourceTree = "<group>";
		};
		D6B897D81731FF1400F24F52 /* Frameworks */ = {
			isa = PBXGroup;
			children = (
				D6E37BEA1744957D00F858D4 /* ServiceManagement.framework */,
				D6B897D91731FF1400F24F52 /* Cocoa.framework */,
				D6B897F71731FF1500F24F52 /* SenTestingKit.framework */,
				D6B897DB1731FF1400F24F52 /* Other Frameworks */,
			);
			name = Frameworks;
			sourceTree = "<group>";
		};
		D6B897DB1731FF1400F24F52 /* Other Frameworks */ = {
			isa = PBXGroup;
			children = (
				D6B897DC1731FF1400F24F52 /* AppKit.framework */,
				D6B897DD1731FF1400F24F52 /* CoreData.framework */,
				D6B897DE1731FF1400F24F52 /* Foundation.framework */,
			);
			name = "Other Frameworks";
			sourceTree = "<group>";
		};
		D6B897DF1731FF1400F24F52 /* LIttleLink */ = {
			isa = PBXGroup;
			children = (
				D6B897E01731FF1400F24F52 /* Supporting Files */,
				D6B8988D17330D2400F24F52 /* images */,
				D6B897EB1731FF1400F24F52 /* AppDelegate.h */,
				D6B897EC1731FF1400F24F52 /* AppDelegate.m */,
				D64D89F11736FCC8007FD6D4 /* PreferencesWindowController.h */,
				D64D89F21736FCC8007FD6D4 /* PreferencesWindowController.m */,
				D6B897EE1731FF1500F24F52 /* MainMenu.xib */,
				D64D89F31736FCC8007FD6D4 /* PreferencesWindowController.xib */,
				D64D8A4217372FC4007FD6D4 /* NSArrayControllerExtended.h */,
				D64D8A4317372FC4007FD6D4 /* NSArrayControllerExtended.m */,
			);
			name = LIttleLink;
			path = Smallink;
			sourceTree = "<group>";
		};
		D6B897E01731FF1400F24F52 /* Supporting Files */ = {
			isa = PBXGroup;
			children = (
				D6B897E11731FF1400F24F52 /* LittleLink-Info.plist */,
				D6B897E21731FF1400F24F52 /* InfoPlist.strings */,
				D6B897E51731FF1400F24F52 /* main.m */,
				D6B897E71731FF1400F24F52 /* LittleLink-Prefix.pch */,
				D6B897E81731FF1400F24F52 /* Credits.rtf */,
			);
			name = "Supporting Files";
			sourceTree = "<group>";
		};
		D6B897FC1731FF1500F24F52 /* SmallinkTests */ = {
			isa = PBXGroup;
			children = (
				D6B898021731FF1500F24F52 /* SmallinkTests.h */,
				D6B898031731FF1500F24F52 /* SmallinkTests.m */,
				D6B897FD1731FF1500F24F52 /* Supporting Files */,
			);
			path = SmallinkTests;
			sourceTree = "<group>";
		};
		D6B897FD1731FF1500F24F52 /* Supporting Files */ = {
			isa = PBXGroup;
			children = (
				D6B897FE1731FF1500F24F52 /* LittleLinkTests-Info.plist */,
				D6B897FF1731FF1500F24F52 /* InfoPlist.strings */,
			);
			name = "Supporting Files";
			sourceTree = "<group>";
		};
		D6B8988D17330D2400F24F52 /* images */ = {
			isa = PBXGroup;
			children = (
				D60F8D971752CDF500B30021 /* su.pr.png */,
				D6BF19F5173379E5005B3583 /* icon.iconset */,
				D64D89E71736FBF2007FD6D4 /* about.png */,
				D64D89E81736FBF2007FD6D4 /* about@2x.png */,
				D64D89E31736FB63007FD6D4 /* forbidden.png */,
				D64D89E41736FB63007FD6D4 /* forbidden@2X.png */,
				D6BF19D317336BD2005B3583 /* tinyurl.com.png */,
				D6BF19D417336BD2005B3583 /* tinyurl.com@2x.png */,
				D6BF19CF17332EF6005B3583 /* 230.png */,
				D6BF19D017332EF6005B3583 /* 230@2x.png */,
				D6BF19CB173322B8005B3583 /* 229.png */,
				D6BF19CC173322B8005B3583 /* 229@2x.png */,
				D6BF19C117331C9A005B3583 /* to.ly.png */,
				D6BF19C217331C9A005B3583 /* to.ly@2x.png */,
				D6BF19BD17331AB3005B3583 /* is.gd.png */,
				D6BF19BE17331AB3005B3583 /* is.gd@2x.png */,
				D6BF19B917331924005B3583 /* ur.cx.png */,
				D6BF19BA17331924005B3583 /* ur.cx@2x.png */,
				D6BF19B51733159E005B3583 /* 228@2x.png */,
				D6B898A21733136C00F24F52 /* 228.png */,
				D6B8989C1733115B00F24F52 /* goo.gl.png */,
				D6B8989D1733115B00F24F52 /* goo.gl@2x.png */,
			);
			path = images;
			sourceTree = "<group>";
		};
/* End PBXGroup section */

/* Begin PBXNativeTarget section */
		D6B897D51731FF1400F24F52 /* LittleLittleLink */ = {
			isa = PBXNativeTarget;
			buildConfigurationList = D6B898071731FF1500F24F52 /* Build configuration list for PBXNativeTarget "LittleLittleLink" */;
			buildPhases = (
				D6B897D21731FF1400F24F52 /* Sources */,
				D6B897D31731FF1400F24F52 /* Frameworks */,
				D6B897D41731FF1400F24F52 /* Resources */,
				D6E37BE81744953600F858D4 /* CopyFiles */,
			);
			buildRules = (
			);
			dependencies = (
			);
			name = LittleLittleLink;
			productName = Smallink;
			productReference = D6B897D61731FF1400F24F52 /* LittleLink.app */;
			productType = "com.apple.product-type.application";
		};
		D6B897F51731FF1500F24F52 /* LittleLinkTests */ = {
			isa = PBXNativeTarget;
			buildConfigurationList = D6B8980A1731FF1500F24F52 /* Build configuration list for PBXNativeTarget "LittleLinkTests" */;
			buildPhases = (
				D6B897F11731FF1500F24F52 /* Sources */,
				D6B897F21731FF1500F24F52 /* Frameworks */,
				D6B897F31731FF1500F24F52 /* Resources */,
				D6B897F41731FF1500F24F52 /* ShellScript */,
			);
			buildRules = (
			);
			dependencies = (
				D6B897FB1731FF1500F24F52 /* PBXTargetDependency */,
			);
			name = LittleLinkTests;
			productName = SmallinkTests;
			productReference = D6B897F61731FF1500F24F52 /* LittleLinkTests.octest */;
			productType = "com.apple.product-type.bundle";
		};
/* End PBXNativeTarget section */

/* Begin PBXProject section */
		D6B897CE1731FF1400F24F52 /* Project object */ = {
			isa = PBXProject;
			attributes = {
				LastUpgradeCheck = 0460;
				ORGANIZATIONNAME = "Banshai SAS";
			};
			buildConfigurationList = D6B897D11731FF1400F24F52 /* Build configuration list for PBXProject "LittleLink" */;
			compatibilityVersion = "Xcode 3.2";
			developmentRegion = English;
			hasScannedForEncodings = 0;
			knownRegions = (
				en,
				English,
			);
			mainGroup = D6B897CD1731FF1400F24F52;
			productRefGroup = D6B897D71731FF1400F24F52 /* Products */;
			projectDirPath = "";
			projectReferences = (
				{
					ProductGroup = D60286DA1744A02D00707F95 /* Products */;
					ProjectRef = D60286D91744A02D00707F95 /* LittleLink Helper.xcodeproj */;
				},
			);
			projectRoot = "";
			targets = (
				D6B897D51731FF1400F24F52 /* LittleLittleLink */,
				D6B897F51731FF1500F24F52 /* LittleLinkTests */,
			);
		};
/* End PBXProject section */

/* Begin PBXReferenceProxy section */
		D60286DF1744A02D00707F95 /* LittleLink Helper.app */ = {
			isa = PBXReferenceProxy;
			fileType = wrapper.application;
			path = "LittleLink Helper.app";
			remoteRef = D60286DE1744A02D00707F95 /* PBXContainerItemProxy */;
			sourceTree = BUILT_PRODUCTS_DIR;
		};
		D60286E11744A02D00707F95 /* LittleLink HelperTests.octest */ = {
			isa = PBXReferenceProxy;
			fileType = wrapper.cfbundle;
			path = "LittleLink HelperTests.octest";
			remoteRef = D60286E01744A02D00707F95 /* PBXContainerItemProxy */;
			sourceTree = BUILT_PRODUCTS_DIR;
		};
/* End PBXReferenceProxy section */

/* Begin PBXResourcesBuildPhase section */
		D6B897D41731FF1400F24F52 /* Resources */ = {
			isa = PBXResourcesBuildPhase;
			buildActionMask = 2147483647;
			files = (
				D6B897E41731FF1400F24F52 /* InfoPlist.strings in Resources */,
				D6B897EA1731FF1400F24F52 /* Credits.rtf in Resources */,
				D6B897F01731FF1500F24F52 /* MainMenu.xib in Resources */,
				D6B8989E1733115B00F24F52 /* goo.gl.png in Resources */,
				D6B8989F1733115B00F24F52 /* goo.gl@2x.png in Resources */,
				D6B898A41733136C00F24F52 /* 228.png in Resources */,
				D6BF19B61733159E005B3583 /* 228@2x.png in Resources */,
				D6BF19BB17331924005B3583 /* ur.cx.png in Resources */,
				D6BF19BC17331924005B3583 /* ur.cx@2x.png in Resources */,
				D6BF19BF17331AB3005B3583 /* is.gd.png in Resources */,
				D6BF19C017331AB3005B3583 /* is.gd@2x.png in Resources */,
				D6BF19C317331C9A005B3583 /* to.ly.png in Resources */,
				D6BF19C417331C9A005B3583 /* to.ly@2x.png in Resources */,
				D6BF19CD173322B8005B3583 /* 229.png in Resources */,
				D6BF19CE173322B8005B3583 /* 229@2x.png in Resources */,
				D6BF19D117332EF6005B3583 /* 230.png in Resources */,
				D6BF19D217332EF6005B3583 /* 230@2x.png in Resources */,
				D6BF19D517336BD2005B3583 /* tinyurl.com.png in Resources */,
				D6BF19D617336BD2005B3583 /* tinyurl.com@2x.png in Resources */,
				D6BF19F6173379E5005B3583 /* icon.iconset in Resources */,
				D64D89E51736FB63007FD6D4 /* forbidden.png in Resources */,
				D64D89E61736FB63007FD6D4 /* forbidden@2X.png in Resources */,
				D64D89E91736FBF2007FD6D4 /* about.png in Resources */,
				D64D89EA1736FBF2007FD6D4 /* about@2x.png in Resources */,
				D64D89F51736FCC9007FD6D4 /* PreferencesWindowController.xib in Resources */,
				D60F8D981752CDF500B30021 /* su.pr.png in Resources */,
			);
			runOnlyForDeploymentPostprocessing = 0;
		};
		D6B897F31731FF1500F24F52 /* Resources */ = {
			isa = PBXResourcesBuildPhase;
			buildActionMask = 2147483647;
			files = (
				D6B898011731FF1500F24F52 /* InfoPlist.strings in Resources */,
			);
			runOnlyForDeploymentPostprocessing = 0;
		};
/* End PBXResourcesBuildPhase section */

/* Begin PBXShellScriptBuildPhase section */
		D6B897F41731FF1500F24F52 /* ShellScript */ = {
			isa = PBXShellScriptBuildPhase;
			buildActionMask = 2147483647;
			files = (
			);
			inputPaths = (
			);
			outputPaths = (
			);
			runOnlyForDeploymentPostprocessing = 0;
			shellPath = /bin/sh;
			shellScript = "# Run the unit tests in this test bundle.\n\"${SYSTEM_DEVELOPER_DIR}/Tools/RunUnitTests\"\n";
		};
/* End PBXShellScriptBuildPhase section */

/* Begin PBXSourcesBuildPhase section */
		D6B897D21731FF1400F24F52 /* Sources */ = {
			isa = PBXSourcesBuildPhase;
			buildActionMask = 2147483647;
			files = (
				D6B897E61731FF1400F24F52 /* main.m in Sources */,
				D6B897ED1731FF1400F24F52 /* AppDelegate.m in Sources */,
				D64D89F41736FCC9007FD6D4 /* PreferencesWindowController.m in Sources */,
				D64D8A4417372FC5007FD6D4 /* NSArrayControllerExtended.m in Sources */,
			);
			runOnlyForDeploymentPostprocessing = 0;
		};
		D6B897F11731FF1500F24F52 /* Sources */ = {
			isa = PBXSourcesBuildPhase;
			buildActionMask = 2147483647;
			files = (
				D6B898041731FF1500F24F52 /* SmallinkTests.m in Sources */,
			);
			runOnlyForDeploymentPostprocessing = 0;
		};
/* End PBXSourcesBuildPhase section */

/* Begin PBXTargetDependency section */
		D6B897FB1731FF1500F24F52 /* PBXTargetDependency */ = {
			isa = PBXTargetDependency;
			target = D6B897D51731FF1400F24F52 /* LittleLittleLink */;
			targetProxy = D6B897FA1731FF1500F24F52 /* PBXContainerItemProxy */;
		};
/* End PBXTargetDependency section */

/* Begin PBXVariantGroup section */
		D6B897E21731FF1400F24F52 /* InfoPlist.strings */ = {
			isa = PBXVariantGroup;
			children = (
				D6B897E31731FF1400F24F52 /* en */,
			);
			name = InfoPlist.strings;
			sourceTree = "<group>";
		};
		D6B897E81731FF1400F24F52 /* Credits.rtf */ = {
			isa = PBXVariantGroup;
			children = (
				D6B897E91731FF1400F24F52 /* en */,
			);
			name = Credits.rtf;
			sourceTree = "<group>";
		};
		D6B897EE1731FF1500F24F52 /* MainMenu.xib */ = {
			isa = PBXVariantGroup;
			children = (
				D6B897EF1731FF1500F24F52 /* en */,
			);
			name = MainMenu.xib;
			sourceTree = "<group>";
		};
		D6B897FF1731FF1500F24F52 /* InfoPlist.strings */ = {
			isa = PBXVariantGroup;
			children = (
				D6B898001731FF1500F24F52 /* en */,
			);
			name = InfoPlist.strings;
			sourceTree = "<group>";
		};
/* End PBXVariantGroup section */

/* Begin XCBuildConfiguration section */
		D6B898051731FF1500F24F52 /* Debug */ = {
			isa = XCBuildConfiguration;
			buildSettings = {
				ALWAYS_SEARCH_USER_PATHS = NO;
				ARCHS = "$(ARCHS_STANDARD_64_BIT)";
				CLANG_CXX_LANGUAGE_STANDARD = "gnu++0x";
				CLANG_CXX_LIBRARY = "libc++";
				CLANG_ENABLE_OBJC_ARC = YES;
				CLANG_WARN_CONSTANT_CONVERSION = YES;
				CLANG_WARN_EMPTY_BODY = YES;
				CLANG_WARN_ENUM_CONVERSION = YES;
				CLANG_WARN_INT_CONVERSION = YES;
				CLANG_WARN__DUPLICATE_METHOD_MATCH = YES;
				COPY_PHASE_STRIP = NO;
				GCC_C_LANGUAGE_STANDARD = gnu99;
				GCC_DYNAMIC_NO_PIC = NO;
				GCC_ENABLE_OBJC_EXCEPTIONS = YES;
				GCC_OPTIMIZATION_LEVEL = 0;
				GCC_PREPROCESSOR_DEFINITIONS = (
					"DEBUG=1",
					"$(inherited)",
				);
				GCC_SYMBOLS_PRIVATE_EXTERN = NO;
				GCC_WARN_64_TO_32_BIT_CONVERSION = YES;
				GCC_WARN_ABOUT_RETURN_TYPE = YES;
				GCC_WARN_UNINITIALIZED_AUTOS = YES;
				GCC_WARN_UNUSED_VARIABLE = YES;
				MACOSX_DEPLOYMENT_TARGET = 10.8;
				ONLY_ACTIVE_ARCH = YES;
				SDKROOT = macosx;
			};
			name = Debug;
		};
		D6B898061731FF1500F24F52 /* Release */ = {
			isa = XCBuildConfiguration;
			buildSettings = {
				ALWAYS_SEARCH_USER_PATHS = NO;
				ARCHS = "$(ARCHS_STANDARD_64_BIT)";
				CLANG_CXX_LANGUAGE_STANDARD = "gnu++0x";
				CLANG_CXX_LIBRARY = "libc++";
				CLANG_ENABLE_OBJC_ARC = YES;
				CLANG_WARN_CONSTANT_CONVERSION = YES;
				CLANG_WARN_EMPTY_BODY = YES;
				CLANG_WARN_ENUM_CONVERSION = YES;
				CLANG_WARN_INT_CONVERSION = YES;
				CLANG_WARN__DUPLICATE_METHOD_MATCH = YES;
				COPY_PHASE_STRIP = YES;
				DEBUG_INFORMATION_FORMAT = "dwarf-with-dsym";
				GCC_C_LANGUAGE_STANDARD = gnu99;
				GCC_ENABLE_OBJC_EXCEPTIONS = YES;
				GCC_WARN_64_TO_32_BIT_CONVERSION = YES;
				GCC_WARN_ABOUT_RETURN_TYPE = YES;
				GCC_WARN_UNINITIALIZED_AUTOS = YES;
				GCC_WARN_UNUSED_VARIABLE = YES;
				MACOSX_DEPLOYMENT_TARGET = 10.8;
				SDKROOT = macosx;
			};
			name = Release;
		};
		D6B898081731FF1500F24F52 /* Debug */ = {
			isa = XCBuildConfiguration;
			buildSettings = {
				CODE_SIGN_ENTITLEMENTS = LittleLink.entitlements;
				CODE_SIGN_IDENTITY = "Mac Developer";
				COMBINE_HIDPI_IMAGES = YES;
				GCC_PRECOMPILE_PREFIX_HEADER = YES;
				GCC_PREFIX_HEADER = "Smallink/LittleLink-Prefix.pch";
				INFOPLIST_FILE = "Smallink/LittleLink-Info.plist";
				MACOSX_DEPLOYMENT_TARGET = 10.7;
				PRODUCT_NAME = LittleLink;
				WRAPPER_EXTENSION = app;
			};
			name = Debug;
		};
		D6B898091731FF1500F24F52 /* Release */ = {
			isa = XCBuildConfiguration;
			buildSettings = {
				CODE_SIGN_ENTITLEMENTS = LittleLink.entitlements;
				CODE_SIGN_IDENTITY = "3rd Party Mac Developer Application";
				COMBINE_HIDPI_IMAGES = YES;
				COPY_PHASE_STRIP = NO;
				GCC_PRECOMPILE_PREFIX_HEADER = YES;
				GCC_PREFIX_HEADER = "Smallink/LittleLink-Prefix.pch";
				INFOPLIST_FILE = "Smallink/LittleLink-Info.plist";
				MACOSX_DEPLOYMENT_TARGET = 10.7;
				PRODUCT_NAME = LittleLink;
				PROVISIONING_PROFILE = "";
				WRAPPER_EXTENSION = app;
			};
			name = Release;
		};
		D6B8980B1731FF1500F24F52 /* Debug */ = {
			isa = XCBuildConfiguration;
			buildSettings = {
				BUNDLE_LOADER = "$(BUILT_PRODUCTS_DIR)/Smallink.app/Contents/MacOS/Smallink";
				COMBINE_HIDPI_IMAGES = YES;
				FRAMEWORK_SEARCH_PATHS = "\"$(DEVELOPER_LIBRARY_DIR)/Frameworks\"";
				GCC_PRECOMPILE_PREFIX_HEADER = YES;
				GCC_PREFIX_HEADER = "Smallink/Smallink-Prefix.pch";
				INFOPLIST_FILE = "SmallinkTests/LittleLinkTests-Info.plist";
				PRODUCT_NAME = LittleLinkTests;
				TEST_HOST = "$(BUNDLE_LOADER)";
				WRAPPER_EXTENSION = octest;
			};
			name = Debug;
		};
		D6B8980C1731FF1500F24F52 /* Release */ = {
			isa = XCBuildConfiguration;
			buildSettings = {
				BUNDLE_LOADER = "$(BUILT_PRODUCTS_DIR)/Smallink.app/Contents/MacOS/Smallink";
				COMBINE_HIDPI_IMAGES = YES;
				FRAMEWORK_SEARCH_PATHS = "\"$(DEVELOPER_LIBRARY_DIR)/Frameworks\"";
				GCC_PRECOMPILE_PREFIX_HEADER = YES;
				GCC_PREFIX_HEADER = "Smallink/Smallink-Prefix.pch";
				INFOPLIST_FILE = "SmallinkTests/LittleLinkTests-Info.plist";
				PRODUCT_NAME = LittleLinkTests;
				TEST_HOST = "$(BUNDLE_LOADER)";
				WRAPPER_EXTENSION = octest;
			};
			name = Release;
		};
/* End XCBuildConfiguration section */

/* Begin XCConfigurationList section */
		D6B897D11731FF1400F24F52 /* Build configuration list for PBXProject "LittleLink" */ = {
			isa = XCConfigurationList;
			buildConfigurations = (
				D6B898051731FF1500F24F52 /* Debug */,
				D6B898061731FF1500F24F52 /* Release */,
			);
			defaultConfigurationIsVisible = 0;
			defaultConfigurationName = Release;
		};
		D6B898071731FF1500F24F52 /* Build configuration list for PBXNativeTarget "LittleLittleLink" */ = {
			isa = XCConfigurationList;
			buildConfigurations = (
				D6B898081731FF1500F24F52 /* Debug */,
				D6B898091731FF1500F24F52 /* Release */,
			);
			defaultConfigurationIsVisible = 0;
			defaultConfigurationName = Release;
		};
		D6B8980A1731FF1500F24F52 /* Build configuration list for PBXNativeTarget "LittleLinkTests" */ = {
			isa = XCConfigurationList;
			buildConfigurations = (
				D6B8980B1731FF1500F24F52 /* Debug */,
				D6B8980C1731FF1500F24F52 /* Release */,
			);
			defaultConfigurationIsVisible = 0;
			defaultConfigurationName = Release;
		};
/* End XCConfigurationList section */
	};
	rootObject = D6B897CE1731FF1400F24F52 /* Project object */;
}
